
Microsoft Visual Studio Solution File, Format Version 12.00
# Visual Studio Version 17
VisualStudioVersion = 17.0.31912.275
MinimumVisualStudioVersion = 10.0.40219.1
Project("{9A19103F-16F7-4668-BE54-9A1E7A4F7556}") = "PingPongSolution", "PingPongSolution\PingPongSolution.csproj", "{690B6A63-2E85-4A53-8872-1B38284BDFEA}"
EndProject
Project("{FAE04EC0-301F-11D3-BF4B-00C04F79EFBC}") = "IO", "IO\IO.csproj", "{7C5F1200-030E-457B-8AE2-AA004812231D}"
EndProject
Project("{FAE04EC0-301F-11D3-BF4B-00C04F79EFBC}") = "Client", "Client\Client.csproj", "{806F618D-B8B5-47FE-9EA3-4AC68C2F3064}"
EndProject
Project("{FAE04EC0-301F-11D3-BF4B-00C04F79EFBC}") = "Common", "Common\Common.csproj", "{2CF9EB8C-32DE-458C-AA6F-592C8224BFDF}"
EndProject
Global
	GlobalSection(SolutionConfigurationPlatforms) = preSolution
		Debug|Any CPU = Debug|Any CPU
		Release|Any CPU = Release|Any CPU
	EndGlobalSection
	GlobalSection(ProjectConfigurationPlatforms) = postSolution
		{690B6A63-2E85-4A53-8872-1B38284BDFEA}.Debug|Any CPU.ActiveCfg = Debug|Any CPU
		{690B6A63-2E85-4A53-8872-1B38284BDFEA}.Debug|Any CPU.Build.0 = Debug|Any CPU
		{690B6A63-2E85-4A53-8872-1B38284BDFEA}.Release|Any CPU.ActiveCfg = Release|Any CPU
		{690B6A63-2E85-4A53-8872-1B38284BDFEA}.Release|Any CPU.Build.0 = Release|Any CPU
		{7C5F1200-030E-457B-8AE2-AA004812231D}.Debug|Any CPU.ActiveCfg = Debug|Any CPU
		{7C5F1200-030E-457B-8AE2-AA004812231D}.Debug|Any CPU.Build.0 = Debug|Any CPU
		{7C5F1200-030E-457B-8AE2-AA004812231D}.Release|Any CPU.ActiveCfg = Release|Any CPU
		{7C5F1200-030E-457B-8AE2-AA004812231D}.Release|Any CPU.Build.0 = Release|Any CPU
		{806F618D-B8B5-47FE-9EA3-4AC68C2F3064}.Debug|Any CPU.ActiveCfg = Debug|Any CPU
		{806F618D-B8B5-47FE-9EA3-4AC68C2F3064}.Debug|Any CPU.Build.0 = Debug|Any CPU
		{806F618D-B8B5-47FE-9EA3-4AC68C2F3064}.Release|Any CPU.ActiveCfg = Release|Any CPU
		{806F618D-B8B5-47FE-9EA3-4AC68C2F3064}.Release|Any CPU.Build.0 = Release|Any CPU
		{2CF9EB8C-32DE-458C-AA6F-592C8224BFDF}.Debug|Any CPU.ActiveCfg = Debug|Any CPU
		{2CF9EB8C-32DE-458C-AA6F-592C8224BFDF}.Debug|Any CPU.Build.0 = Debug|Any CPU
		{2CF9EB8C-32DE-458C-AA6F-592C8224BFDF}.Release|Any CPU.ActiveCfg = Release|Any CPU
		{2CF9EB8C-32DE-458C-AA6F-592C8224BFDF}.Release|Any CPU.Build.0 = Release|Any CPU
	EndGlobalSection
	GlobalSection(SolutionProperties) = preSolution
		HideSolutionNode = FALSE
	EndGlobalSection
	GlobalSection(ExtensibilityGlobals) = postSolution
		SolutionGuid = {D8CA2A34-2621-43BC-B425-03E319EF0BEE}
	EndGlobalSection
EndGlobal
